
Microsoft Visual Studio Solution File, Format Version 12.00
# Visual Studio Version 17
VisualStudioVersion = 17.5.001.0
MinimumVisualStudioVersion = 10.0.40219.1
Project("{9A19103F-16F7-4668-BE54-9A1E7A4F7556}") = "APIusuarios", "APIusuarios.csproj", "{65D7F293-38D2-4148-BF70-52CDD16CA4D3}"
EndProject
Global
	GlobalSection(SolutionConfigurationPlatforms) = preSolution
		Debug|Any CPU = Debug|Any CPU
		Release|Any CPU = Release|Any CPU
	EndGlobalSection
	GlobalSection(ProjectConfigurationPlatforms) = postSolution
		{65D7F293-38D2-4148-BF70-52CDD16CA4D3}.Debug|Any CPU.ActiveCfg = Debug|Any CPU
		{65D7F293-38D2-4148-BF70-52CDD16CA4D3}.Debug|Any CPU.Build.0 = Debug|Any CPU
		{65D7F293-38D2-4148-BF70-52CDD16CA4D3}.Release|Any CPU.ActiveCfg = Release|Any CPU
		{65D7F293-38D2-4148-BF70-52CDD16CA4D3}.Release|Any CPU.Build.0 = Release|Any CPU
	EndGlobalSection
	GlobalSection(SolutionProperties) = preSolution
		HideSolutionNode = FALSE
	EndGlobalSection
	GlobalSection(ExtensibilityGlobals) = postSolution
		SolutionGuid = {F29BDEAA-548A-4EC6-B722-8D72B9FF2274}
	EndGlobalSection
EndGlobal
